// !$*UTF8*$!
{
	archiveVersion = 1;
	classes = {
	};
	objectVersion = 46;
	objects = {

/* Begin PBXBuildFile section */
		CC6F35371C9FCE9A007E65D6 /* main.m in Sources */ = {isa = PBXBuildFile; fileRef = CC6F35361C9FCE9A007E65D6 /* main.m */; };
		CC6F353A1C9FCE9A007E65D6 /* AppDelegate.m in Sources */ = {isa = PBXBuildFile; fileRef = CC6F35391C9FCE9A007E65D6 /* AppDelegate.m */; };
		CC6F353D1C9FCE9A007E65D6 /* ViewController.m in Sources */ = {isa = PBXBuildFile; fileRef = CC6F353C1C9FCE9A007E65D6 /* ViewController.m */; };
		CC6F35401C9FCE9A007E65D6 /* Main.storyboard in Resources */ = {isa = PBXBuildFile; fileRef = CC6F353E1C9FCE9A007E65D6 /* Main.storyboard */; };
		CC6F35431C9FCE9A007E65D6 /* _2_UIButtonDemo.xcdatamodeld in Sources */ = {isa = PBXBuildFile; fileRef = CC6F35411C9FCE9A007E65D6 /* _2_UIButtonDemo.xcdatamodeld */; };
		CC6F35451C9FCE9A007E65D6 /* Assets.xcassets in Resources */ = {isa = PBXBuildFile; fileRef = CC6F35441C9FCE9A007E65D6 /* Assets.xcassets */; };
		CC6F35481C9FCE9A007E65D6 /* LaunchScreen.storyboard in Resources */ = {isa = PBXBuildFile; fileRef = CC6F35461C9FCE9A007E65D6 /* LaunchScreen.storyboard */; };
		CC6F35531C9FCE9A007E65D6 /* _2_UIButtonDemoTests.m in Sources */ = {isa = PBXBuildFile; fileRef = CC6F35521C9FCE9A007E65D6 /* _2_UIButtonDemoTests.m */; };
		CC6F355E1C9FCE9A007E65D6 /* _2_UIButtonDemoUITests.m in Sources */ = {isa = PBXBuildFile; fileRef = CC6F355D1C9FCE9A007E65D6 /* _2_UIButtonDemoUITests.m */; };
		CC6F35BF1C9FD019007E65D6 /* dog1.png in Resources */ = {isa = PBXBuildFile; fileRef = CC6F35A81C9FD019007E65D6 /* dog1.png */; };
		CC6F35C01C9FD019007E65D6 /* dog2.png in Resources */ = {isa = PBXBuildFile; fileRef = CC6F35A91C9FD019007E65D6 /* dog2.png */; };
		CC6F35C11C9FD019007E65D6 /* left_rotate_highlighted.png in Resources */ = {isa = PBXBuildFile; fileRef = CC6F35AB1C9FD019007E65D6 /* left_rotate_highlighted.png */; };
		CC6F35C21C9FD019007E65D6 /* left_rotate_normal.png in Resources */ = {isa = PBXBuildFile; fileRef = CC6F35AC1C9FD019007E65D6 /* left_rotate_normal.png */; };
		CC6F35C31C9FD019007E65D6 /* minus_highlighted.png in Resources */ = {isa = PBXBuildFile; fileRef = CC6F35AD1C9FD019007E65D6 /* minus_highlighted.png */; };
		CC6F35C41C9FD019007E65D6 /* minus_normal.png in Resources */ = {isa = PBXBuildFile; fileRef = CC6F35AE1C9FD019007E65D6 /* minus_normal.png */; };
		CC6F35C51C9FD019007E65D6 /* plus_highlighted.png in Resources */ = {isa = PBXBuildFile; fileRef = CC6F35AF1C9FD019007E65D6 /* plus_highlighted.png */; };
		CC6F35C61C9FD019007E65D6 /* plus_normal.png in Resources */ = {isa = PBXBuildFile; fileRef = CC6F35B01C9FD019007E65D6 /* plus_normal.png */; };
		CC6F35C71C9FD019007E65D6 /* right_rotate_highlighted.png in Resources */ = {isa = PBXBuildFile; fileRef = CC6F35B11C9FD019007E65D6 /* right_rotate_highlighted.png */; };
		CC6F35C81C9FD019007E65D6 /* right_rotate_normal.png in Resources */ = {isa = PBXBuildFile; fileRef = CC6F35B21C9FD019007E65D6 /* right_rotate_normal.png */; };
		CC6F35D61C9FD06D007E65D6 /* bottom_disable.png in Resources */ = {isa = PBXBuildFile; fileRef = CC6F35CA1C9FD06D007E65D6 /* bottom_disable.png */; };
		CC6F35D71C9FD06D007E65D6 /* bottom_highlighted.png in Resources */ = {isa = PBXBuildFile; fileRef = CC6F35CB1C9FD06D007E65D6 /* bottom_highlighted.png */; };
		CC6F35D81C9FD06D007E65D6 /* bottom_normal.png in Resources */ = {isa = PBXBuildFile; fileRef = CC6F35CC1C9FD06D007E65D6 /* bottom_normal.png */; };
		CC6F35D91C9FD06D007E65D6 /* left_disable.png in Resources */ = {isa = PBXBuildFile; fileRef = CC6F35CD1C9FD06D007E65D6 /* left_disable.png */; };
		CC6F35DA1C9FD06D007E65D6 /* left_highlighted.png in Resources */ = {isa = PBXBuildFile; fileRef = CC6F35CE1C9FD06D007E65D6 /* left_highlighted.png */; };
		CC6F35DB1C9FD06D007E65D6 /* left_normal.png in Resources */ = {isa = PBXBuildFile; fileRef = CC6F35CF1C9FD06D007E65D6 /* left_normal.png */; };
		CC6F35DC1C9FD06D007E65D6 /* right_disable.png in Resources */ = {isa = PBXBuildFile; fileRef = CC6F35D01C9FD06D007E65D6 /* right_disable.png */; };
		CC6F35DD1C9FD06D007E65D6 /* right_highlighted.png in Resources */ = {isa = PBXBuildFile; fileRef = CC6F35D11C9FD06D007E65D6 /* right_highlighted.png */; };
		CC6F35DE1C9FD06D007E65D6 /* right_normal.png in Resources */ = {isa = PBXBuildFile; fileRef = CC6F35D21C9FD06D007E65D6 /* right_normal.png */; };
		CC6F35DF1C9FD06D007E65D6 /* top_disable.png in Resources */ = {isa = PBXBuildFile; fileRef = CC6F35D31C9FD06D007E65D6 /* top_disable.png */; };
		CC6F35E01C9FD06D007E65D6 /* top_highlighted.png in Resources */ = {isa = PBXBuildFile; fileRef = CC6F35D41C9FD06D007E65D6 /* top_highlighted.png */; };
		CC6F35E11C9FD06D007E65D6 /* top_normal.png in Resources */ = {isa = PBXBuildFile; fileRef = CC6F35D51C9FD06D007E65D6 /* top_normal.png */; };
/* End PBXBuildFile section */

/* Begin PBXContainerItemProxy section */
		CC6F354F1C9FCE9A007E65D6 /* PBXContainerItemProxy */ = {
			isa = PBXContainerItemProxy;
			containerPortal = CC6F352A1C9FCE9A007E65D6 /* Project object */;
			proxyType = 1;
			remoteGlobalIDString = CC6F35311C9FCE9A007E65D6;
			remoteInfo = "02-UIButtonDemo";
		};
		CC6F355A1C9FCE9A007E65D6 /* PBXContainerItemProxy */ = {
			isa = PBXContainerItemProxy;
			containerPortal = CC6F352A1C9FCE9A007E65D6 /* Project object */;
			proxyType = 1;
			remoteGlobalIDString = CC6F35311C9FCE9A007E65D6;
			remoteInfo = "02-UIButtonDemo";
		};
/* End PBXContainerItemProxy section */

/* Begin PBXFileReference section */
		CC6F35321C9FCE9A007E65D6 /* 02-UIButtonDemo.app */ = {isa = PBXFileReference; explicitFileType = wrapper.application; includeInIndex = 0; path = "02-UIButtonDemo.app"; sourceTree = BUILT_PRODUCTS_DIR; };
		CC6F35361C9FCE9A007E65D6 /* main.m */ = {isa = PBXFileReference; lastKnownFileType = sourcecode.c.objc; path = main.m; sourceTree = "<group>"; };
		CC6F35381C9FCE9A007E65D6 /* AppDelegate.h */ = {isa = PBXFileReference; lastKnownFileType = sourcecode.c.h; path = AppDelegate.h; sourceTree = "<group>"; };
		CC6F35391C9FCE9A007E65D6 /* AppDelegate.m */ = {isa = PBXFileReference; lastKnownFileType = sourcecode.c.objc; path = AppDelegate.m; sourceTree = "<group>"; };
		CC6F353B1C9FCE9A007E65D6 /* ViewController.h */ = {isa = PBXFileReference; lastKnownFileType = sourcecode.c.h; path = ViewController.h; sourceTree = "<group>"; };
		CC6F353C1C9FCE9A007E65D6 /* ViewController.m */ = {isa = PBXFileReference; lastKnownFileType = sourcecode.c.objc; path = ViewController.m; sourceTree = "<group>"; };
		CC6F353F1C9FCE9A007E65D6 /* Base */ = {isa = PBXFileReference; lastKnownFileType = file.storyboard; name = Base; path = Base.lproj/Main.storyboard; sourceTree = "<group>"; };
		CC6F35421C9FCE9A007E65D6 /* _2_UIButtonDemo.xcdatamodel */ = {isa = PBXFileReference; lastKnownFileType = wrapper.xcdatamodel; path = _2_UIButtonDemo.xcdatamodel; sourceTree = "<group>"; };
		CC6F35441C9FCE9A007E65D6 /* Assets.xcassets */ = {isa = PBXFileReference; lastKnownFileType = folder.assetcatalog; path = Assets.xcassets; sourceTree = "<group>"; };
		CC6F35471C9FCE9A007E65D6 /* Base */ = {isa = PBXFileReference; lastKnownFileType = file.storyboard; name = Base; path = Base.lproj/LaunchScreen.storyboard; sourceTree = "<group>"; };
		CC6F35491C9FCE9A007E65D6 /* Info.plist */ = {isa = PBXFileReference; lastKnownFileType = text.plist.xml; path = Info.plist; sourceTree = "<group>"; };
		CC6F354E1C9FCE9A007E65D6 /* 02-UIButtonDemoTests.xctest */ = {isa = PBXFileReference; explicitFileType = wrapper.cfbundle; includeInIndex = 0; path = "02-UIButtonDemoTests.xctest"; sourceTree = BUILT_PRODUCTS_DIR; };
		CC6F35521C9FCE9A007E65D6 /* _2_UIButtonDemoTests.m */ = {isa = PBXFileReference; lastKnownFileType = sourcecode.c.objc; path = _2_UIButtonDemoTests.m; sourceTree = "<group>"; };
		CC6F35541C9FCE9A007E65D6 /* Info.plist */ = {isa = PBXFileReference; lastKnownFileType = text.plist.xml; path = Info.plist; sourceTree = "<group>"; };
		CC6F35591C9FCE9A007E65D6 /* 02-UIButtonDemoUITests.xctest */ = {isa = PBXFileReference; explicitFileType = wrapper.cfbundle; includeInIndex = 0; path = "02-UIButtonDemoUITests.xctest"; sourceTree = BUILT_PRODUCTS_DIR; };
		CC6F355D1C9FCE9A007E65D6 /* _2_UIButtonDemoUITests.m */ = {isa = PBXFileReference; lastKnownFileType = sourcecode.c.objc; path = _2_UIButtonDemoUITests.m; sourceTree = "<group>"; };
		CC6F355F1C9FCE9A007E65D6 /* Info.plist */ = {isa = PBXFileReference; lastKnownFileType = text.plist.xml; path = Info.plist; sourceTree = "<group>"; };
		CC6F35A81C9FD019007E65D6 /* dog1.png */ = {isa = PBXFileReference; lastKnownFileType = image.png; path = dog1.png; sourceTree = "<group>"; };
		CC6F35A91C9FD019007E65D6 /* dog2.png */ = {isa = PBXFileReference; lastKnownFileType = image.png; path = dog2.png; sourceTree = "<group>"; };
		CC6F35AB1C9FD019007E65D6 /* left_rotate_highlighted.png */ = {isa = PBXFileReference; lastKnownFileType = image.png; path = left_rotate_highlighted.png; sourceTree = "<group>"; };
		CC6F35AC1C9FD019007E65D6 /* left_rotate_normal.png */ = {isa = PBXFileReference; lastKnownFileType = image.png; path = left_rotate_normal.png; sourceTree = "<group>"; };
		CC6F35AD1C9FD019007E65D6 /* minus_highlighted.png */ = {isa = PBXFileReference; lastKnownFileType = image.png; path = minus_highlighted.png; sourceTree = "<group>"; };
		CC6F35AE1C9FD019007E65D6 /* minus_normal.png */ = {isa = PBXFileReference; lastKnownFileType = image.png; path = minus_normal.png; sourceTree = "<group>"; };
		CC6F35AF1C9FD019007E65D6 /* plus_highlighted.png */ = {isa = PBXFileReference; lastKnownFileType = image.png; path = plus_highlighted.png; sourceTree = "<group>"; };
		CC6F35B01C9FD019007E65D6 /* plus_normal.png */ = {isa = PBXFileReference; lastKnownFileType = image.png; path = plus_normal.png; sourceTree = "<group>"; };
		CC6F35B11C9FD019007E65D6 /* right_rotate_highlighted.png */ = {isa = PBXFileReference; lastKnownFileType = image.png; path = right_rotate_highlighted.png; sourceTree = "<group>"; };
		CC6F35B21C9FD019007E65D6 /* right_rotate_normal.png */ = {isa = PBXFileReference; lastKnownFileType = image.png; path = right_rotate_normal.png; sourceTree = "<group>"; };
		CC6F35CA1C9FD06D007E65D6 /* bottom_disable.png */ = {isa = PBXFileReference; lastKnownFileType = image.png; path = bottom_disable.png; sourceTree = "<group>"; };
		CC6F35CB1C9FD06D007E65D6 /* bottom_highlighted.png */ = {isa = PBXFileReference; lastKnownFileType = image.png; path = bottom_highlighted.png; sourceTree = "<group>"; };
		CC6F35CC1C9FD06D007E65D6 /* bottom_normal.png */ = {isa = PBXFileReference; lastKnownFileType = image.png; path = bottom_normal.png; sourceTree = "<group>"; };
		CC6F35CD1C9FD06D007E65D6 /* left_disable.png */ = {isa = PBXFileReference; lastKnownFileType = image.png; path = left_disable.png; sourceTree = "<group>"; };
		CC6F35CE1C9FD06D007E65D6 /* left_highlighted.png */ = {isa = PBXFileReference; lastKnownFileType = image.png; path = left_highlighted.png; sourceTree = "<group>"; };
		CC6F35CF1C9FD06D007E65D6 /* left_normal.png */ = {isa = PBXFileReference; lastKnownFileType = image.png; path = left_normal.png; sourceTree = "<group>"; };
		CC6F35D01C9FD06D007E65D6 /* right_disable.png */ = {isa = PBXFileReference; lastKnownFileType = image.png; path = right_disable.png; sourceTree = "<group>"; };
		CC6F35D11C9FD06D007E65D6 /* right_highlighted.png */ = {isa = PBXFileReference; lastKnownFileType = image.png; path = right_highlighted.png; sourceTree = "<group>"; };
		CC6F35D21C9FD06D007E65D6 /* right_normal.png */ = {isa = PBXFileReference; lastKnownFileType = image.png; path = right_normal.png; sourceTree = "<group>"; };
		CC6F35D31C9FD06D007E65D6 /* top_disable.png */ = {isa = PBXFileReference; lastKnownFileType = image.png; path = top_disable.png; sourceTree = "<group>"; };
		CC6F35D41C9FD06D007E65D6 /* top_highlighted.png */ = {isa = PBXFileReference; lastKnownFileType = image.png; path = top_highlighted.png; sourceTree = "<group>"; };
		CC6F35D51C9FD06D007E65D6 /* top_normal.png */ = {isa = PBXFileReference; lastKnownFileType = image.png; path = top_normal.png; sourceTree = "<group>"; };
/* End PBXFileReference section */

/* Begin PBXFrameworksBuildPhase section */
		CC6F352F1C9FCE9A007E65D6 /* Frameworks */ = {
			isa = PBXFrameworksBuildPhase;
			buildActionMask = 2147483647;
			files = (
			);
			runOnlyForDeploymentPostprocessing = 0;
		};
		CC6F354B1C9FCE9A007E65D6 /* Frameworks */ = {
			isa = PBXFrameworksBuildPhase;
			buildActionMask = 2147483647;
			files = (
			);
			runOnlyForDeploymentPostprocessing = 0;
		};
		CC6F35561C9FCE9A007E65D6 /* Frameworks */ = {
			isa = PBXFrameworksBuildPhase;
			buildActionMask = 2147483647;
			files = (
			);
			runOnlyForDeploymentPostprocessing = 0;
		};
/* End PBXFrameworksBuildPhase section */

/* Begin PBXGroup section */
		CC6F35291C9FCE9A007E65D6 = {
			isa = PBXGroup;
			children = (
				CC6F35341C9FCE9A007E65D6 /* 02-UIButtonDemo */,
				CC6F35511C9FCE9A007E65D6 /* 02-UIButtonDemoTests */,
				CC6F355C1C9FCE9A007E65D6 /* 02-UIButtonDemoUITests */,
				CC6F35331C9FCE9A007E65D6 /* Products */,
			);
			sourceTree = "<group>";
		};
		CC6F35331C9FCE9A007E65D6 /* Products */ = {
			isa = PBXGroup;
			children = (
				CC6F35321C9FCE9A007E65D6 /* 02-UIButtonDemo.app */,
				CC6F354E1C9FCE9A007E65D6 /* 02-UIButtonDemoTests.xctest */,
				CC6F35591C9FCE9A007E65D6 /* 02-UIButtonDemoUITests.xctest */,
			);
			name = Products;
			sourceTree = "<group>";
		};
		CC6F35341C9FCE9A007E65D6 /* 02-UIButtonDemo */ = {
			isa = PBXGroup;
			children = (
				CC6F35381C9FCE9A007E65D6 /* AppDelegate.h */,
				CC6F35391C9FCE9A007E65D6 /* AppDelegate.m */,
				CC6F353B1C9FCE9A007E65D6 /* ViewController.h */,
				CC6F353C1C9FCE9A007E65D6 /* ViewController.m */,
				CC6F353E1C9FCE9A007E65D6 /* Main.storyboard */,
				CC6F35441C9FCE9A007E65D6 /* Assets.xcassets */,
				CC6F35461C9FCE9A007E65D6 /* LaunchScreen.storyboard */,
				CC6F35491C9FCE9A007E65D6 /* Info.plist */,
				CC6F35411C9FCE9A007E65D6 /* _2_UIButtonDemo.xcdatamodeld */,
				CC6F35351C9FCE9A007E65D6 /* Supporting Files */,
			);
			path = "02-UIButtonDemo";
			sourceTree = "<group>";
		};
		CC6F35351C9FCE9A007E65D6 /* Supporting Files */ = {
			isa = PBXGroup;
			children = (
				CC6F35C91C9FD06D007E65D6 /* Arrow */,
				CC6F35A71C9FD019007E65D6 /* Head */,
				CC6F35AA1C9FD019007E65D6 /* Other */,
				CC6F35361C9FCE9A007E65D6 /* main.m */,
			);
			name = "Supporting Files";
			sourceTree = "<group>";
		};
		CC6F35511C9FCE9A007E65D6 /* 02-UIButtonDemoTests */ = {
			isa = PBXGroup;
			children = (
				CC6F35521C9FCE9A007E65D6 /* _2_UIButtonDemoTests.m */,
				CC6F35541C9FCE9A007E65D6 /* Info.plist */,
			);
			path = "02-UIButtonDemoTests";
			sourceTree = "<group>";
		};
		CC6F355C1C9FCE9A007E65D6 /* 02-UIButtonDemoUITests */ = {
			isa = PBXGroup;
			children = (
				CC6F355D1C9FCE9A007E65D6 /* _2_UIButtonDemoUITests.m */,
				CC6F355F1C9FCE9A007E65D6 /* Info.plist */,
			);
			path = "02-UIButtonDemoUITests";
			sourceTree = "<group>";
		};
		CC6F35A71C9FD019007E65D6 /* Head */ = {
			isa = PBXGroup;
			children = (
				CC6F35A81C9FD019007E65D6 /* dog1.png */,
				CC6F35A91C9FD019007E65D6 /* dog2.png */,
			);
			path = Head;
			sourceTree = "<group>";
		};
		CC6F35AA1C9FD019007E65D6 /* Other */ = {
			isa = PBXGroup;
			children = (
				CC6F35AB1C9FD019007E65D6 /* left_rotate_highlighted.png */,
				CC6F35AC1C9FD019007E65D6 /* left_rotate_normal.png */,
				CC6F35AD1C9FD019007E65D6 /* minus_highlighted.png */,
				CC6F35AE1C9FD019007E65D6 /* minus_normal.png */,
				CC6F35AF1C9FD019007E65D6 /* plus_highlighted.png */,
				CC6F35B01C9FD019007E65D6 /* plus_normal.png */,
				CC6F35B11C9FD019007E65D6 /* right_rotate_highlighted.png */,
				CC6F35B21C9FD019007E65D6 /* right_rotate_normal.png */,
			);
			path = Other;
			sourceTree = "<group>";
		};
		CC6F35C91C9FD06D007E65D6 /* Arrow */ = {
			isa = PBXGroup;
			children = (
				CC6F35CA1C9FD06D007E65D6 /* bottom_disable.png */,
				CC6F35CB1C9FD06D007E65D6 /* bottom_highlighted.png */,
				CC6F35CC1C9FD06D007E65D6 /* bottom_normal.png */,
				CC6F35CD1C9FD06D007E65D6 /* left_disable.png */,
				CC6F35CE1C9FD06D007E65D6 /* left_highlighted.png */,
				CC6F35CF1C9FD06D007E65D6 /* left_normal.png */,
				CC6F35D01C9FD06D007E65D6 /* right_disable.png */,
				CC6F35D11C9FD06D007E65D6 /* right_highlighted.png */,
				CC6F35D21C9FD06D007E65D6 /* right_normal.png */,
				CC6F35D31C9FD06D007E65D6 /* top_disable.png */,
				CC6F35D41C9FD06D007E65D6 /* top_highlighted.png */,
				CC6F35D51C9FD06D007E65D6 /* top_normal.png */,
			);
			path = Arrow;
			sourceTree = "<group>";
		};
/* End PBXGroup section */

/* Begin PBXNativeTarget section */
		CC6F35311C9FCE9A007E65D6 /* 02-UIButtonDemo */ = {
			isa = PBXNativeTarget;
			buildConfigurationList = CC6F35621C9FCE9A007E65D6 /* Build configuration list for PBXNativeTarget "02-UIButtonDemo" */;
			buildPhases = (
				CC6F352E1C9FCE9A007E65D6 /* Sources */,
				CC6F352F1C9FCE9A007E65D6 /* Frameworks */,
				CC6F35301C9FCE9A007E65D6 /* Resources */,
			);
			buildRules = (
			);
			dependencies = (
			);
			name = "02-UIButtonDemo";
			productName = "02-UIButtonDemo";
			productReference = CC6F35321C9FCE9A007E65D6 /* 02-UIButtonDemo.app */;
			productType = "com.apple.product-type.application";
		};
		CC6F354D1C9FCE9A007E65D6 /* 02-UIButtonDemoTests */ = {
			isa = PBXNativeTarget;
			buildConfigurationList = CC6F35651C9FCE9A007E65D6 /* Build configuration list for PBXNativeTarget "02-UIButtonDemoTests" */;
			buildPhases = (
				CC6F354A1C9FCE9A007E65D6 /* Sources */,
				CC6F354B1C9FCE9A007E65D6 /* Frameworks */,
				CC6F354C1C9FCE9A007E65D6 /* Resources */,
			);
			buildRules = (
			);
			dependencies = (
				CC6F35501C9FCE9A007E65D6 /* PBXTargetDependency */,
			);
			name = "02-UIButtonDemoTests";
			productName = "02-UIButtonDemoTests";
			productReference = CC6F354E1C9FCE9A007E65D6 /* 02-UIButtonDemoTests.xctest */;
			productType = "com.apple.product-type.bundle.unit-test";
		};
		CC6F35581C9FCE9A007E65D6 /* 02-UIButtonDemoUITests */ = {
			isa = PBXNativeTarget;
			buildConfigurationList = CC6F35681C9FCE9A007E65D6 /* Build configuration list for PBXNativeTarget "02-UIButtonDemoUITests" */;
			buildPhases = (
				CC6F35551C9FCE9A007E65D6 /* Sources */,
				CC6F35561C9FCE9A007E65D6 /* Frameworks */,
				CC6F35571C9FCE9A007E65D6 /* Resources */,
			);
			buildRules = (
			);
			dependencies = (
				CC6F355B1C9FCE9A007E65D6 /* PBXTargetDependency */,
			);
			name = "02-UIButtonDemoUITests";
			productName = "02-UIButtonDemoUITests";
			productReference = CC6F35591C9FCE9A007E65D6 /* 02-UIButtonDemoUITests.xctest */;
			productType = "com.apple.product-type.bundle.ui-testing";
		};
/* End PBXNativeTarget section */

/* Begin PBXProject section */
		CC6F352A1C9FCE9A007E65D6 /* Project object */ = {
			isa = PBXProject;
			attributes = {
				LastUpgradeCheck = 0720;
				ORGANIZATIONNAME = "河南青云信息技术有限公司";
				TargetAttributes = {
					CC6F35311C9FCE9A007E65D6 = {
						CreatedOnToolsVersion = 7.2;
					};
					CC6F354D1C9FCE9A007E65D6 = {
						CreatedOnToolsVersion = 7.2;
						TestTargetID = CC6F35311C9FCE9A007E65D6;
					};
					CC6F35581C9FCE9A007E65D6 = {
						CreatedOnToolsVersion = 7.2;
						TestTargetID = CC6F35311C9FCE9A007E65D6;
					};
				};
			};
			buildConfigurationList = CC6F352D1C9FCE9A007E65D6 /* Build configuration list for PBXProject "02-UIButtonDemo" */;
			compatibilityVersion = "Xcode 3.2";
			developmentRegion = English;
			hasScannedForEncodings = 0;
			knownRegions = (
				en,
				Base,
			);
			mainGroup = CC6F35291C9FCE9A007E65D6;
			productRefGroup = CC6F35331C9FCE9A007E65D6 /* Products */;
			projectDirPath = "";
			projectRoot = "";
			targets = (
				CC6F35311C9FCE9A007E65D6 /* 02-UIButtonDemo */,
				CC6F354D1C9FCE9A007E65D6 /* 02-UIButtonDemoTests */,
				CC6F35581C9FCE9A007E65D6 /* 02-UIButtonDemoUITests */,
			);
		};
/* End PBXProject section */

/* Begin PBXResourcesBuildPhase section */
		CC6F35301C9FCE9A007E65D6 /* Resources */ = {
			isa = PBXResourcesBuildPhase;
			buildActionMask = 2147483647;
			files = (
				CC6F35C21C9FD019007E65D6 /* left_rotate_normal.png in Resources */,
				CC6F35D81C9FD06D007E65D6 /* bottom_normal.png in Resources */,
				CC6F35D61C9FD06D007E65D6 /* bottom_disable.png in Resources */,
				CC6F35C11C9FD019007E65D6 /* left_rotate_highlighted.png in Resources */,
				CC6F35C71C9FD019007E65D6 /* right_rotate_highlighted.png in Resources */,
				CC6F35DE1C9FD06D007E65D6 /* right_normal.png in Resources */,
				CC6F35481C9FCE9A007E65D6 /* LaunchScreen.storyboard in Resources */,
				CC6F35DD1C9FD06D007E65D6 /* right_highlighted.png in Resources */,
				CC6F35D71C9FD06D007E65D6 /* bottom_highlighted.png in Resources */,
				CC6F35C31C9FD019007E65D6 /* minus_highlighted.png in Resources */,
				CC6F35E11C9FD06D007E65D6 /* top_normal.png in Resources */,
				CC6F35DB1C9FD06D007E65D6 /* left_normal.png in Resources */,
				CC6F35DC1C9FD06D007E65D6 /* right_disable.png in Resources */,
				CC6F35DF1C9FD06D007E65D6 /* top_disable.png in Resources */,
				CC6F35DA1C9FD06D007E65D6 /* left_highlighted.png in Resources */,
				CC6F35C81C9FD019007E65D6 /* right_rotate_normal.png in Resources */,
				CC6F35BF1C9FD019007E65D6 /* dog1.png in Resources */,
				CC6F35D91C9FD06D007E65D6 /* left_disable.png in Resources */,
				CC6F35E01C9FD06D007E65D6 /* top_highlighted.png in Resources */,
				CC6F35451C9FCE9A007E65D6 /* Assets.xcassets in Resources */,
				CC6F35401C9FCE9A007E65D6 /* Main.storyboard in Resources */,
				CC6F35C01C9FD019007E65D6 /* dog2.png in Resources */,
				CC6F35C41C9FD019007E65D6 /* minus_normal.png in Resources */,
				CC6F35C61C9FD019007E65D6 /* plus_normal.png in Resources */,
				CC6F35C51C9FD019007E65D6 /* plus_highlighted.png in Resources */,
			);
			runOnlyForDeploymentPostprocessing = 0;
		};
		CC6F354C1C9FCE9A007E65D6 /* Resources */ = {
			isa = PBXResourcesBuildPhase;
			buildActionMask = 2147483647;
			files = (
			);
			runOnlyForDeploymentPostprocessing = 0;
		};
		CC6F35571C9FCE9A007E65D6 /* Resources */ = {
			isa = PBXResourcesBuildPhase;
			buildActionMask = 2147483647;
			files = (
			);
			runOnlyForDeploymentPostprocessing = 0;
		};
/* End PBXResourcesBuildPhase section */

/* Begin PBXSourcesBuildPhase section */
		CC6F352E1C9FCE9A007E65D6 /* Sources */ = {
			isa = PBXSourcesBuildPhase;
			buildActionMask = 2147483647;
			files = (
				CC6F353D1C9FCE9A007E65D6 /* ViewController.m in Sources */,
				CC6F353A1C9FCE9A007E65D6 /* AppDelegate.m in Sources */,
				CC6F35371C9FCE9A007E65D6 /* main.m in Sources */,
				CC6F35431C9FCE9A007E65D6 /* _2_UIButtonDemo.xcdatamodeld in Sources */,
			);
			runOnlyForDeploymentPostprocessing = 0;
		};
		CC6F354A1C9FCE9A007E65D6 /* Sources */ = {
			isa = PBXSourcesBuildPhase;
			buildActionMask = 2147483647;
			files = (
				CC6F35531C9FCE9A007E65D6 /* _2_UIButtonDemoTests.m in Sources */,
			);
			runOnlyForDeploymentPostprocessing = 0;
		};
		CC6F35551C9FCE9A007E65D6 /* Sources */ = {
			isa = PBXSourcesBuildPhase;
			buildActionMask = 2147483647;
			files = (
				CC6F355E1C9FCE9A007E65D6 /* _2_UIButtonDemoUITests.m in Sources */,
			);
			runOnlyForDeploymentPostprocessing = 0;
		};
/* End PBXSourcesBuildPhase section */

/* Begin PBXTargetDependency section */
		CC6F35501C9FCE9A007E65D6 /* PBXTargetDependency */ = {
			isa = PBXTargetDependency;
			target = CC6F35311C9FCE9A007E65D6 /* 02-UIButtonDemo */;
			targetProxy = CC6F354F1C9FCE9A007E65D6 /* PBXContainerItemProxy */;
		};
		CC6F355B1C9FCE9A007E65D6 /* PBXTargetDependency */ = {
			isa = PBXTargetDependency;
			target = CC6F35311C9FCE9A007E65D6 /* 02-UIButtonDemo */;
			targetProxy = CC6F355A1C9FCE9A007E65D6 /* PBXContainerItemProxy */;
		};
/* End PBXTargetDependency section */

/* Begin PBXVariantGroup section */
		CC6F353E1C9FCE9A007E65D6 /* Main.storyboard */ = {
			isa = PBXVariantGroup;
			children = (
				CC6F353F1C9FCE9A007E65D6 /* Base */,
			);
			name = Main.storyboard;
			sourceTree = "<group>";
		};
		CC6F35461C9FCE9A007E65D6 /* LaunchScreen.storyboard */ = {
			isa = PBXVariantGroup;
			children = (
				CC6F35471C9FCE9A007E65D6 /* Base */,
			);
			name = LaunchScreen.storyboard;
			sourceTree = "<group>";
		};
/* End PBXVariantGroup section */

/* Begin XCBuildConfiguration section */
		CC6F35601C9FCE9A007E65D6 /* Debug */ = {
			isa = XCBuildConfiguration;
			buildSettings = {
				ALWAYS_SEARCH_USER_PATHS = NO;
				CLANG_CXX_LANGUAGE_STANDARD = "gnu++0x";
				CLANG_CXX_LIBRARY = "libc++";
				CLANG_ENABLE_MODULES = YES;
				CLANG_ENABLE_OBJC_ARC = YES;
				CLANG_WARN_BOOL_CONVERSION = YES;
				CLANG_WARN_CONSTANT_CONVERSION = YES;
				CLANG_WARN_DIRECT_OBJC_ISA_USAGE = YES_ERROR;
				CLANG_WARN_EMPTY_BODY = YES;
				CLANG_WARN_ENUM_CONVERSION = YES;
				CLANG_WARN_INT_CONVERSION = YES;
				CLANG_WARN_OBJC_ROOT_CLASS = YES_ERROR;
				CLANG_WARN_UNREACHABLE_CODE = YES;
				CLANG_WARN__DUPLICATE_METHOD_MATCH = YES;
				"CODE_SIGN_IDENTITY[sdk=iphoneos*]" = "iPhone Developer";
				COPY_PHASE_STRIP = NO;
				DEBUG_INFORMATION_FORMAT = dwarf;
				ENABLE_STRICT_OBJC_MSGSEND = YES;
				ENABLE_TESTABILITY = YES;
				GCC_C_LANGUAGE_STANDARD = gnu99;
				GCC_DYNAMIC_NO_PIC = NO;
				GCC_NO_COMMON_BLOCKS = YES;
				GCC_OPTIMIZATION_LEVEL = 0;
				GCC_PREPROCESSOR_DEFINITIONS = (
					"DEBUG=1",
					"$(inherited)",
				);
				GCC_WARN_64_TO_32_BIT_CONVERSION = YES;
				GCC_WARN_ABOUT_RETURN_TYPE = YES_ERROR;
				GCC_WARN_UNDECLARED_SELECTOR = YES;
				GCC_WARN_UNINITIALIZED_AUTOS = YES_AGGRESSIVE;
				GCC_WARN_UNUSED_FUNCTION = YES;
				GCC_WARN_UNUSED_VARIABLE = YES;
				IPHONEOS_DEPLOYMENT_TARGET = 9.2;
				MTL_ENABLE_DEBUG_INFO = YES;
				ONLY_ACTIVE_ARCH = YES;
				SDKROOT = iphoneos;
			};
			name = Debug;
		};
		CC6F35611C9FCE9A007E65D6 /* Release */ = {
			isa = XCBuildConfiguration;
			buildSettings = {
				ALWAYS_SEARCH_USER_PATHS = NO;
				CLANG_CXX_LANGUAGE_STANDARD = "gnu++0x";
				CLANG_CXX_LIBRARY = "libc++";
				CLANG_ENABLE_MODULES = YES;
				CLANG_ENABLE_OBJC_ARC = YES;
				CLANG_WARN_BOOL_CONVERSION = YES;
				CLANG_WARN_CONSTANT_CONVERSION = YES;
				CLANG_WARN_DIRECT_OBJC_ISA_USAGE = YES_ERROR;
				CLANG_WARN_EMPTY_BODY = YES;
				CLANG_WARN_ENUM_CONVERSION = YES;
				CLANG_WARN_INT_CONVERSION = YES;
				CLANG_WARN_OBJC_ROOT_CLASS = YES_ERROR;
				CLANG_WARN_UNREACHABLE_CODE = YES;
				CLANG_WARN__DUPLICATE_METHOD_MATCH = YES;
				"CODE_SIGN_IDENTITY[sdk=iphoneos*]" = "iPhone Developer";
				COPY_PHASE_STRIP = NO;
				DEBUG_INFORMATION_FORMAT = "dwarf-with-dsym";
				ENABLE_NS_ASSERTIONS = NO;
				ENABLE_STRICT_OBJC_MSGSEND = YES;
				GCC_C_LANGUAGE_STANDARD = gnu99;
				GCC_NO_COMMON_BLOCKS = YES;
				GCC_WARN_64_TO_32_BIT_CONVERSION = YES;
				GCC_WARN_ABOUT_RETURN_TYPE = YES_ERROR;
				GCC_WARN_UNDECLARED_SELECTOR = YES;
				GCC_WARN_UNINITIALIZED_AUTOS = YES_AGGRESSIVE;
				GCC_WARN_UNUSED_FUNCTION = YES;
				GCC_WARN_UNUSED_VARIABLE = YES;
				IPHONEOS_DEPLOYMENT_TARGET = 9.2;
				MTL_ENABLE_DEBUG_INFO = NO;
				SDKROOT = iphoneos;
				VALIDATE_PRODUCT = YES;
			};
			name = Release;
		};
		CC6F35631C9FCE9A007E65D6 /* Debug */ = {
			isa = XCBuildConfiguration;
			buildSettings = {
				ASSETCATALOG_COMPILER_APPICON_NAME = AppIcon;
				INFOPLIST_FILE = "02-UIButtonDemo/Info.plist";
				LD_RUNPATH_SEARCH_PATHS = "$(inherited) @executable_path/Frameworks";
				PRODUCT_BUNDLE_IDENTIFIER = "com.hnqingyun.-2-UIButtonDemo";
				PRODUCT_NAME = "$(TARGET_NAME)";
			};
			name = Debug;
		};
		CC6F35641C9FCE9A007E65D6 /* Release */ = {
			isa = XCBuildConfiguration;
			buildSettings = {
				ASSETCATALOG_COMPILER_APPICON_NAME = AppIcon;
				INFOPLIST_FILE = "02-UIButtonDemo/Info.plist";
				LD_RUNPATH_SEARCH_PATHS = "$(inherited) @executable_path/Frameworks";
				PRODUCT_BUNDLE_IDENTIFIER = "com.hnqingyun.-2-UIButtonDemo";
				PRODUCT_NAME = "$(TARGET_NAME)";
			};
			name = Release;
		};
		CC6F35661C9FCE9A007E65D6 /* Debug */ = {
			isa = XCBuildConfiguration;
			buildSettings = {
				BUNDLE_LOADER = "$(TEST_HOST)";
				INFOPLIST_FILE = "02-UIButtonDemoTests/Info.plist";
				LD_RUNPATH_SEARCH_PATHS = "$(inherited) @executable_path/Frameworks @loader_path/Frameworks";
				PRODUCT_BUNDLE_IDENTIFIER = "com.hnqingyun.-2-UIButtonDemoTests";
				PRODUCT_NAME = "$(TARGET_NAME)";
				TEST_HOST = "$(BUILT_PRODUCTS_DIR)/02-UIButtonDemo.app/02-UIButtonDemo";
			};
			name = Debug;
		};
		CC6F35671C9FCE9A007E65D6 /* Release */ = {
			isa = XCBuildConfiguration;
			buildSettings = {
				BUNDLE_LOADER = "$(TEST_HOST)";
				INFOPLIST_FILE = "02-UIButtonDemoTests/Info.plist";
				LD_RUNPATH_SEARCH_PATHS = "$(inherited) @executable_path/Frameworks @loader_path/Frameworks";
				PRODUCT_BUNDLE_IDENTIFIER = "com.hnqingyun.-2-UIButtonDemoTests";
				PRODUCT_NAME = "$(TARGET_NAME)";
				TEST_HOST = "$(BUILT_PRODUCTS_DIR)/02-UIButtonDemo.app/02-UIButtonDemo";
			};
			name = Release;
		};
		CC6F35691C9FCE9A007E65D6 /* Debug */ = {
			isa = XCBuildConfiguration;
			buildSettings = {
				INFOPLIST_FILE = "02-UIButtonDemoUITests/Info.plist";
				LD_RUNPATH_SEARCH_PATHS = "$(inherited) @executable_path/Frameworks @loader_path/Frameworks";
				PRODUCT_BUNDLE_IDENTIFIER = "com.hnqingyun.-2-UIButtonDemoUITests";
				PRODUCT_NAME = "$(TARGET_NAME)";
				TEST_TARGET_NAME = "02-UIButtonDemo";
				USES_XCTRUNNER = YES;
			};
			name = Debug;
		};
		CC6F356A1C9FCE9A007E65D6 /* Release */ = {
			isa = XCBuildConfiguration;
			buildSettings = {
				INFOPLIST_FILE = "02-UIButtonDemoUITests/Info.plist";
				LD_RUNPATH_SEARCH_PATHS = "$(inherited) @executable_path/Frameworks @loader_path/Frameworks";
				PRODUCT_BUNDLE_IDENTIFIER = "com.hnqingyun.-2-UIButtonDemoUITests";
				PRODUCT_NAME = "$(TARGET_NAME)";
				TEST_TARGET_NAME = "02-UIButtonDemo";
				USES_XCTRUNNER = YES;
			};
			name = Release;
		};
/* End XCBuildConfiguration section */

/* Begin XCConfigurationList section */
		CC6F352D1C9FCE9A007E65D6 /* Build configuration list for PBXProject "02-UIButtonDemo" */ = {
			isa = XCConfigurationList;
			buildConfigurations = (
				CC6F35601C9FCE9A007E65D6 /* Debug */,
				CC6F35611C9FCE9A007E65D6 /* Release */,
			);
			defaultConfigurationIsVisible = 0;
			defaultConfigurationName = Release;
		};
		CC6F35621C9FCE9A007E65D6 /* Build configuration list for PBXNativeTarget "02-UIButtonDemo" */ = {
			isa = XCConfigurationList;
			buildConfigurations = (
				CC6F35631C9FCE9A007E65D6 /* Debug */,
				CC6F35641C9FCE9A007E65D6 /* Release */,
			);
			defaultConfigurationIsVisible = 0;
		};
		CC6F35651C9FCE9A007E65D6 /* Build configuration list for PBXNativeTarget "02-UIButtonDemoTests" */ = {
			isa = XCConfigurationList;
			buildConfigurations = (
				CC6F35661C9FCE9A007E65D6 /* Debug */,
				CC6F35671C9FCE9A007E65D6 /* Release */,
			);
			defaultConfigurationIsVisible = 0;
		};
		CC6F35681C9FCE9A007E65D6 /* Build configuration list for PBXNativeTarget "02-UIButtonDemoUITests" */ = {
			isa = XCConfigurationList;
			buildConfigurations = (
				CC6F35691C9FCE9A007E65D6 /* Debug */,
				CC6F356A1C9FCE9A007E65D6 /* Release */,
			);
			defaultConfigurationIsVisible = 0;
		};
/* End XCConfigurationList section */

/* Begin XCVersionGroup section */
		CC6F35411C9FCE9A007E65D6 /* _2_UIButtonDemo.xcdatamodeld */ = {
			isa = XCVersionGroup;
			children = (
				CC6F35421C9FCE9A007E65D6 /* _2_UIButtonDemo.xcdatamodel */,
			);
			currentVersion = CC6F35421C9FCE9A007E65D6 /* _2_UIButtonDemo.xcdatamodel */;
			path = _2_UIButtonDemo.xcdatamodeld;
			sourceTree = "<group>";
			versionGroupType = wrapper.xcdatamodel;
		};
/* End XCVersionGroup section */
	};
	rootObject = CC6F352A1C9FCE9A007E65D6 /* Project object */;
}
